
Microsoft Visual Studio Solution File, Format Version 12.00
# Visual Studio Version 17
VisualStudioVersion = 17.5.33424.131
MinimumVisualStudioVersion = 10.0.40219.1
Project("{9A19103F-16F7-4668-BE54-9A1E7A4F7556}") = "Obligatorio1", "Obligatorio1\Obligatorio1.csproj", "{FDEF39B6-F459-49EC-883D-1B5C46643363}"
EndProject
Project("{9A19103F-16F7-4668-BE54-9A1E7A4F7556}") = "MenuConsola", "MenuConsola\MenuConsola.csproj", "{E12CD47C-5678-4BB1-B31E-A9E574045ED0}"
EndProject
Project("{FAE04EC0-301F-11D3-BF4B-00C04F79EFBC}") = "WebApp", "WebApp\WebApp.csproj", "{55F0C8DB-3BFD-490D-9AB3-6FB72C708612}"
EndProject
Global
	GlobalSection(SolutionConfigurationPlatforms) = preSolution
		Debug|Any CPU = Debug|Any CPU
		Release|Any CPU = Release|Any CPU
	EndGlobalSection
	GlobalSection(ProjectConfigurationPlatforms) = postSolution
		{FDEF39B6-F459-49EC-883D-1B5C46643363}.Debug|Any CPU.ActiveCfg = Debug|Any CPU
		{FDEF39B6-F459-49EC-883D-1B5C46643363}.Debug|Any CPU.Build.0 = Debug|Any CPU
		{FDEF39B6-F459-49EC-883D-1B5C46643363}.Release|Any CPU.ActiveCfg = Release|Any CPU
		{FDEF39B6-F459-49EC-883D-1B5C46643363}.Release|Any CPU.Build.0 = Release|Any CPU
		{E12CD47C-5678-4BB1-B31E-A9E574045ED0}.Debug|Any CPU.ActiveCfg = Debug|Any CPU
		{E12CD47C-5678-4BB1-B31E-A9E574045ED0}.Debug|Any CPU.Build.0 = Debug|Any CPU
		{E12CD47C-5678-4BB1-B31E-A9E574045ED0}.Release|Any CPU.ActiveCfg = Release|Any CPU
		{E12CD47C-5678-4BB1-B31E-A9E574045ED0}.Release|Any CPU.Build.0 = Release|Any CPU
		{55F0C8DB-3BFD-490D-9AB3-6FB72C708612}.Debug|Any CPU.ActiveCfg = Debug|Any CPU
		{55F0C8DB-3BFD-490D-9AB3-6FB72C708612}.Debug|Any CPU.Build.0 = Debug|Any CPU
		{55F0C8DB-3BFD-490D-9AB3-6FB72C708612}.Release|Any CPU.ActiveCfg = Release|Any CPU
		{55F0C8DB-3BFD-490D-9AB3-6FB72C708612}.Release|Any CPU.Build.0 = Release|Any CPU
	EndGlobalSection
	GlobalSection(SolutionProperties) = preSolution
		HideSolutionNode = FALSE
	EndGlobalSection
	GlobalSection(ExtensibilityGlobals) = postSolution
		SolutionGuid = {794B9074-A3AA-462F-BEE7-BEDBDE99C6B5}
	EndGlobalSection
EndGlobal
